
Microsoft Visual Studio Solution File, Format Version 12.00
# Visual Studio Version 17
VisualStudioVersion = 17.4.33205.214
MinimumVisualStudioVersion = 10.0.40219.1
Project("{FAE04EC0-301F-11D3-BF4B-00C04F79EFBC}") = "Example", "Example\Example.csproj", "{D3326F50-CED7-46FB-8E00-2D0705C02F07}"
EndProject
Project("{E53339B2-1760-4266-BCC7-CA923CBCF16C}") = "docker-compose", "docker-compose.dcproj", "{1682D0EA-095A-49F1-AF81-14AED5269FA1}"
EndProject
Global
	GlobalSection(SolutionConfigurationPlatforms) = preSolution
		Debug|Any CPU = Debug|Any CPU
		Release|Any CPU = Release|Any CPU
	EndGlobalSection
	GlobalSection(ProjectConfigurationPlatforms) = postSolution
		{D3326F50-CED7-46FB-8E00-2D0705C02F07}.Debug|Any CPU.ActiveCfg = Debug|Any CPU
		{D3326F50-CED7-46FB-8E00-2D0705C02F07}.Debug|Any CPU.Build.0 = Debug|Any CPU
		{D3326F50-CED7-46FB-8E00-2D0705C02F07}.Release|Any CPU.ActiveCfg = Release|Any CPU
		{D3326F50-CED7-46FB-8E00-2D0705C02F07}.Release|Any CPU.Build.0 = Release|Any CPU
		{1682D0EA-095A-49F1-AF81-14AED5269FA1}.Debug|Any CPU.ActiveCfg = Debug|Any CPU
		{1682D0EA-095A-49F1-AF81-14AED5269FA1}.Debug|Any CPU.Build.0 = Debug|Any CPU
		{1682D0EA-095A-49F1-AF81-14AED5269FA1}.Release|Any CPU.ActiveCfg = Release|Any CPU
		{1682D0EA-095A-49F1-AF81-14AED5269FA1}.Release|Any CPU.Build.0 = Release|Any CPU
	EndGlobalSection
	GlobalSection(SolutionProperties) = preSolution
		HideSolutionNode = FALSE
	EndGlobalSection
	GlobalSection(ExtensibilityGlobals) = postSolution
		SolutionGuid = {D24E7812-03E8-4745-A945-CD9B95AE8F52}
	EndGlobalSection
EndGlobal
